
Microsoft Visual Studio Solution File, Format Version 12.00
# Visual Studio 15
VisualStudioVersion = 15.0.27130.2027
MinimumVisualStudioVersion = 10.0.40219.1
Project("{FAE04EC0-301F-11D3-BF4B-00C04F79EFBC}") = "program1", "program1\program1.csproj", "{C6180490-6640-4DFF-A1B5-6C5A2FABB523}"
EndProject
Project("{FAE04EC0-301F-11D3-BF4B-00C04F79EFBC}") = "program2", "program2\program2.csproj", "{CB272702-3B69-44E0-9582-11593DFA05D9}"
EndProject
Project("{FAE04EC0-301F-11D3-BF4B-00C04F79EFBC}") = "program3", "program3\program3.csproj", "{747DE35D-22E9-4426-815A-A79E4F101337}"
EndProject
Project("{FAE04EC0-301F-11D3-BF4B-00C04F79EFBC}") = "program4", "program4\program4.csproj", "{C9E058A9-0DB7-4E2A-BD0D-6EB50FC4F396}"
EndProject
Global
	GlobalSection(SolutionConfigurationPlatforms) = preSolution
		Debug|Any CPU = Debug|Any CPU
		Release|Any CPU = Release|Any CPU
	EndGlobalSection
	GlobalSection(ProjectConfigurationPlatforms) = postSolution
		{C6180490-6640-4DFF-A1B5-6C5A2FABB523}.Debug|Any CPU.ActiveCfg = Debug|Any CPU
		{C6180490-6640-4DFF-A1B5-6C5A2FABB523}.Debug|Any CPU.Build.0 = Debug|Any CPU
		{C6180490-6640-4DFF-A1B5-6C5A2FABB523}.Release|Any CPU.ActiveCfg = Release|Any CPU
		{C6180490-6640-4DFF-A1B5-6C5A2FABB523}.Release|Any CPU.Build.0 = Release|Any CPU
		{CB272702-3B69-44E0-9582-11593DFA05D9}.Debug|Any CPU.ActiveCfg = Debug|Any CPU
		{CB272702-3B69-44E0-9582-11593DFA05D9}.Debug|Any CPU.Build.0 = Debug|Any CPU
		{CB272702-3B69-44E0-9582-11593DFA05D9}.Release|Any CPU.ActiveCfg = Release|Any CPU
		{CB272702-3B69-44E0-9582-11593DFA05D9}.Release|Any CPU.Build.0 = Release|Any CPU
		{747DE35D-22E9-4426-815A-A79E4F101337}.Debug|Any CPU.ActiveCfg = Debug|Any CPU
		{747DE35D-22E9-4426-815A-A79E4F101337}.Debug|Any CPU.Build.0 = Debug|Any CPU
		{747DE35D-22E9-4426-815A-A79E4F101337}.Release|Any CPU.ActiveCfg = Release|Any CPU
		{747DE35D-22E9-4426-815A-A79E4F101337}.Release|Any CPU.Build.0 = Release|Any CPU
		{C9E058A9-0DB7-4E2A-BD0D-6EB50FC4F396}.Debug|Any CPU.ActiveCfg = Debug|Any CPU
		{C9E058A9-0DB7-4E2A-BD0D-6EB50FC4F396}.Debug|Any CPU.Build.0 = Debug|Any CPU
		{C9E058A9-0DB7-4E2A-BD0D-6EB50FC4F396}.Release|Any CPU.ActiveCfg = Release|Any CPU
		{C9E058A9-0DB7-4E2A-BD0D-6EB50FC4F396}.Release|Any CPU.Build.0 = Release|Any CPU
	EndGlobalSection
	GlobalSection(SolutionProperties) = preSolution
		HideSolutionNode = FALSE
	EndGlobalSection
	GlobalSection(ExtensibilityGlobals) = postSolution
		SolutionGuid = {59F45DC8-B8C6-4593-B4DA-FE5E9100D31B}
	EndGlobalSection
EndGlobal
